
Microsoft Visual Studio Solution File, Format Version 12.00
# Visual Studio Version 17
VisualStudioVersion = 17.12.35527.113 d17.12
MinimumVisualStudioVersion = 10.0.40219.1
Project("{FAE04EC0-301F-11D3-BF4B-00C04F79EFBC}") = "Demo4", "ConsoleApp4\Demo4.csproj", "{4D2183B5-74D4-4DAB-8348-900FAA96D344}"
EndProject
Project("{FAE04EC0-301F-11D3-BF4B-00C04F79EFBC}") = "A4", "A4\A4.csproj", "{84FE1FBD-5214-47BB-A29B-B011E72C5A25}"
EndProject
Global
	GlobalSection(SolutionConfigurationPlatforms) = preSolution
		Debug|Any CPU = Debug|Any CPU
		Release|Any CPU = Release|Any CPU
	EndGlobalSection
	GlobalSection(ProjectConfigurationPlatforms) = postSolution
		{4D2183B5-74D4-4DAB-8348-900FAA96D344}.Debug|Any CPU.ActiveCfg = Debug|Any CPU
		{4D2183B5-74D4-4DAB-8348-900FAA96D344}.Debug|Any CPU.Build.0 = Debug|Any CPU
		{4D2183B5-74D4-4DAB-8348-900FAA96D344}.Release|Any CPU.ActiveCfg = Release|Any CPU
		{4D2183B5-74D4-4DAB-8348-900FAA96D344}.Release|Any CPU.Build.0 = Release|Any CPU
		{84FE1FBD-5214-47BB-A29B-B011E72C5A25}.Debug|Any CPU.ActiveCfg = Debug|Any CPU
		{84FE1FBD-5214-47BB-A29B-B011E72C5A25}.Debug|Any CPU.Build.0 = Debug|Any CPU
		{84FE1FBD-5214-47BB-A29B-B011E72C5A25}.Release|Any CPU.ActiveCfg = Release|Any CPU
		{84FE1FBD-5214-47BB-A29B-B011E72C5A25}.Release|Any CPU.Build.0 = Release|Any CPU
	EndGlobalSection
	GlobalSection(SolutionProperties) = preSolution
		HideSolutionNode = FALSE
	EndGlobalSection
EndGlobal
